// !$*UTF8*$!
{
	archiveVersion = 1;
	classes = {
	};
	objectVersion = 50;
	objects = {

/* Begin PBXBuildFile section */
		832A265A2246809B00F37471 /* AppDelegate.swift in Sources */ = {isa = PBXBuildFile; fileRef = 832A26592246809B00F37471 /* AppDelegate.swift */; };
		832A265C2246809B00F37471 /* LogonViewController.swift in Sources */ = {isa = PBXBuildFile; fileRef = 832A265B2246809B00F37471 /* LogonViewController.swift */; };
		832A265F2246809B00F37471 /* Main.storyboard in Resources */ = {isa = PBXBuildFile; fileRef = 832A265D2246809B00F37471 /* Main.storyboard */; };
		832A26612246809C00F37471 /* Assets.xcassets in Resources */ = {isa = PBXBuildFile; fileRef = 832A26602246809C00F37471 /* Assets.xcassets */; };
		832A26642246809C00F37471 /* LaunchScreen.storyboard in Resources */ = {isa = PBXBuildFile; fileRef = 832A26622246809C00F37471 /* LaunchScreen.storyboard */; };
		832A266C2246954F00F37471 /* RegisterViewController.swift in Sources */ = {isa = PBXBuildFile; fileRef = 832A266B2246954F00F37471 /* RegisterViewController.swift */; };
		832A266E2246A17800F37471 /* RegistrationViewTimelineController.swift in Sources */ = {isa = PBXBuildFile; fileRef = 832A266D2246A17700F37471 /* RegistrationViewTimelineController.swift */; };
		832A26722246AA0100F37471 /* TimelineViewController.swift in Sources */ = {isa = PBXBuildFile; fileRef = 832A26712246AA0100F37471 /* TimelineViewController.swift */; };
		832A26742246AA1000F37471 /* SettingsViewController.swift in Sources */ = {isa = PBXBuildFile; fileRef = 832A26732246AA1000F37471 /* SettingsViewController.swift */; };
		832A26762246AAD300F37471 /* HomeViewController.swift in Sources */ = {isa = PBXBuildFile; fileRef = 832A26752246AAD300F37471 /* HomeViewController.swift */; };
		832A26782246B2EB00F37471 /* DashboardViewController.swift in Sources */ = {isa = PBXBuildFile; fileRef = 832A26772246B2EB00F37471 /* DashboardViewController.swift */; };
		832A267A2246B34A00F37471 /* ServiceCollectionViewCell.swift in Sources */ = {isa = PBXBuildFile; fileRef = 832A26792246B34A00F37471 /* ServiceCollectionViewCell.swift */; };
		832A267D2246B9FD00F37471 /* ServiceCostCellTableViewCell.swift in Sources */ = {isa = PBXBuildFile; fileRef = 832A267B2246B9FD00F37471 /* ServiceCostCellTableViewCell.swift */; };
		832A267E2246B9FD00F37471 /* ServiceCostCellTableViewCell.xib in Resources */ = {isa = PBXBuildFile; fileRef = 832A267C2246B9FD00F37471 /* ServiceCostCellTableViewCell.xib */; };
		832A26802246D40300F37471 /* TableHeaderView.swift in Sources */ = {isa = PBXBuildFile; fileRef = 832A267F2246D40300F37471 /* TableHeaderView.swift */; };
		832A26822246DCFB00F37471 /* NurseRatingsViewController.swift in Sources */ = {isa = PBXBuildFile; fileRef = 832A26812246DCFB00F37471 /* NurseRatingsViewController.swift */; };
		832A26842246E1B700F37471 /* ServiceRequestDetailsViewController.swift in Sources */ = {isa = PBXBuildFile; fileRef = 832A26832246E1B700F37471 /* ServiceRequestDetailsViewController.swift */; };
		832A26872246E29600F37471 /* ReviewSummaryTableViewCell.swift in Sources */ = {isa = PBXBuildFile; fileRef = 832A26852246E29600F37471 /* ReviewSummaryTableViewCell.swift */; };
		832A26882246E29600F37471 /* ReviewSummaryTableViewCell.xib in Resources */ = {isa = PBXBuildFile; fileRef = 832A26862246E29600F37471 /* ReviewSummaryTableViewCell.xib */; };
		832A268B2246FA2100F37471 /* NurseTableViewCell.swift in Sources */ = {isa = PBXBuildFile; fileRef = 832A26892246FA2100F37471 /* NurseTableViewCell.swift */; };
		832A268C2246FA2100F37471 /* NurseTableViewCell.xib in Resources */ = {isa = PBXBuildFile; fileRef = 832A268A2246FA2100F37471 /* NurseTableViewCell.xib */; };
		832A268E2246FF7F00F37471 /* TableFooterView.swift in Sources */ = {isa = PBXBuildFile; fileRef = 832A268D2246FF7F00F37471 /* TableFooterView.swift */; };
		832A26912247014900F37471 /* SubmitButtonCell.swift in Sources */ = {isa = PBXBuildFile; fileRef = 832A268F2247014900F37471 /* SubmitButtonCell.swift */; };
		832A26922247014900F37471 /* SubmitButtonCell.xib in Resources */ = {isa = PBXBuildFile; fileRef = 832A26902247014900F37471 /* SubmitButtonCell.xib */; };
		832A269522470C6100F37471 /* TimelineHistoryCell.swift in Sources */ = {isa = PBXBuildFile; fileRef = 832A269322470C6100F37471 /* TimelineHistoryCell.swift */; };
		832A269622470C6100F37471 /* TimelineHistoryCell.xib in Resources */ = {isa = PBXBuildFile; fileRef = 832A269422470C6100F37471 /* TimelineHistoryCell.xib */; };
		832A269922470C7500F37471 /* TimeLinRequestCell.swift in Sources */ = {isa = PBXBuildFile; fileRef = 832A269722470C7500F37471 /* TimeLinRequestCell.swift */; };
		832A269A22470C7500F37471 /* TimeLinRequestCell.xib in Resources */ = {isa = PBXBuildFile; fileRef = 832A269822470C7500F37471 /* TimeLinRequestCell.xib */; };
		832A269C22479E2B00F37471 /* PaymentsViewController.swift in Sources */ = {isa = PBXBuildFile; fileRef = 832A269B22479E2B00F37471 /* PaymentsViewController.swift */; };
		832A269E22479E3C00F37471 /* ServiceRatingViewController.swift in Sources */ = {isa = PBXBuildFile; fileRef = 832A269D22479E3C00F37471 /* ServiceRatingViewController.swift */; };
/* End PBXBuildFile section */

/* Begin PBXFileReference section */
		832A26562246809B00F37471 /* LyftNurse.app */ = {isa = PBXFileReference; explicitFileType = wrapper.application; includeInIndex = 0; path = LyftNurse.app; sourceTree = BUILT_PRODUCTS_DIR; };
		832A26592246809B00F37471 /* AppDelegate.swift */ = {isa = PBXFileReference; lastKnownFileType = sourcecode.swift; path = AppDelegate.swift; sourceTree = "<group>"; };
		832A265B2246809B00F37471 /* LogonViewController.swift */ = {isa = PBXFileReference; lastKnownFileType = sourcecode.swift; path = LogonViewController.swift; sourceTree = "<group>"; };
		832A265E2246809B00F37471 /* Base */ = {isa = PBXFileReference; lastKnownFileType = file.storyboard; name = Base; path = Base.lproj/Main.storyboard; sourceTree = "<group>"; };
		832A26602246809C00F37471 /* Assets.xcassets */ = {isa = PBXFileReference; lastKnownFileType = folder.assetcatalog; path = Assets.xcassets; sourceTree = "<group>"; };
		832A26632246809C00F37471 /* Base */ = {isa = PBXFileReference; lastKnownFileType = file.storyboard; name = Base; path = Base.lproj/LaunchScreen.storyboard; sourceTree = "<group>"; };
		832A26652246809C00F37471 /* Info.plist */ = {isa = PBXFileReference; lastKnownFileType = text.plist.xml; path = Info.plist; sourceTree = "<group>"; };
		832A266B2246954F00F37471 /* RegisterViewController.swift */ = {isa = PBXFileReference; lastKnownFileType = sourcecode.swift; path = RegisterViewController.swift; sourceTree = "<group>"; };
		832A266D2246A17700F37471 /* RegistrationViewTimelineController.swift */ = {isa = PBXFileReference; lastKnownFileType = sourcecode.swift; path = RegistrationViewTimelineController.swift; sourceTree = "<group>"; };
		832A26712246AA0100F37471 /* TimelineViewController.swift */ = {isa = PBXFileReference; lastKnownFileType = sourcecode.swift; path = TimelineViewController.swift; sourceTree = "<group>"; };
		832A26732246AA1000F37471 /* SettingsViewController.swift */ = {isa = PBXFileReference; lastKnownFileType = sourcecode.swift; path = SettingsViewController.swift; sourceTree = "<group>"; };
		832A26752246AAD300F37471 /* HomeViewController.swift */ = {isa = PBXFileReference; lastKnownFileType = sourcecode.swift; path = HomeViewController.swift; sourceTree = "<group>"; };
		832A26772246B2EB00F37471 /* DashboardViewController.swift */ = {isa = PBXFileReference; lastKnownFileType = sourcecode.swift; path = DashboardViewController.swift; sourceTree = "<group>"; };
		832A26792246B34A00F37471 /* ServiceCollectionViewCell.swift */ = {isa = PBXFileReference; lastKnownFileType = sourcecode.swift; path = ServiceCollectionViewCell.swift; sourceTree = "<group>"; };
		832A267B2246B9FD00F37471 /* ServiceCostCellTableViewCell.swift */ = {isa = PBXFileReference; lastKnownFileType = sourcecode.swift; path = ServiceCostCellTableViewCell.swift; sourceTree = "<group>"; };
		832A267C2246B9FD00F37471 /* ServiceCostCellTableViewCell.xib */ = {isa = PBXFileReference; lastKnownFileType = file.xib; path = ServiceCostCellTableViewCell.xib; sourceTree = "<group>"; };
		832A267F2246D40300F37471 /* TableHeaderView.swift */ = {isa = PBXFileReference; lastKnownFileType = sourcecode.swift; path = TableHeaderView.swift; sourceTree = "<group>"; };
		832A26812246DCFB00F37471 /* NurseRatingsViewController.swift */ = {isa = PBXFileReference; lastKnownFileType = sourcecode.swift; path = NurseRatingsViewController.swift; sourceTree = "<group>"; };
		832A26832246E1B700F37471 /* ServiceRequestDetailsViewController.swift */ = {isa = PBXFileReference; lastKnownFileType = sourcecode.swift; path = ServiceRequestDetailsViewController.swift; sourceTree = "<group>"; };
		832A26852246E29600F37471 /* ReviewSummaryTableViewCell.swift */ = {isa = PBXFileReference; lastKnownFileType = sourcecode.swift; path = ReviewSummaryTableViewCell.swift; sourceTree = "<group>"; };
		832A26862246E29600F37471 /* ReviewSummaryTableViewCell.xib */ = {isa = PBXFileReference; lastKnownFileType = file.xib; path = ReviewSummaryTableViewCell.xib; sourceTree = "<group>"; };
		832A26892246FA2100F37471 /* NurseTableViewCell.swift */ = {isa = PBXFileReference; lastKnownFileType = sourcecode.swift; path = NurseTableViewCell.swift; sourceTree = "<group>"; };
		832A268A2246FA2100F37471 /* NurseTableViewCell.xib */ = {isa = PBXFileReference; lastKnownFileType = file.xib; path = NurseTableViewCell.xib; sourceTree = "<group>"; };
		832A268D2246FF7F00F37471 /* TableFooterView.swift */ = {isa = PBXFileReference; lastKnownFileType = sourcecode.swift; path = TableFooterView.swift; sourceTree = "<group>"; };
		832A268F2247014900F37471 /* SubmitButtonCell.swift */ = {isa = PBXFileReference; lastKnownFileType = sourcecode.swift; path = SubmitButtonCell.swift; sourceTree = "<group>"; };
		832A26902247014900F37471 /* SubmitButtonCell.xib */ = {isa = PBXFileReference; lastKnownFileType = file.xib; path = SubmitButtonCell.xib; sourceTree = "<group>"; };
		832A269322470C6100F37471 /* TimelineHistoryCell.swift */ = {isa = PBXFileReference; lastKnownFileType = sourcecode.swift; path = TimelineHistoryCell.swift; sourceTree = "<group>"; };
		832A269422470C6100F37471 /* TimelineHistoryCell.xib */ = {isa = PBXFileReference; lastKnownFileType = file.xib; path = TimelineHistoryCell.xib; sourceTree = "<group>"; };
		832A269722470C7500F37471 /* TimeLinRequestCell.swift */ = {isa = PBXFileReference; lastKnownFileType = sourcecode.swift; path = TimeLinRequestCell.swift; sourceTree = "<group>"; };
		832A269822470C7500F37471 /* TimeLinRequestCell.xib */ = {isa = PBXFileReference; lastKnownFileType = file.xib; path = TimeLinRequestCell.xib; sourceTree = "<group>"; };
		832A269B22479E2B00F37471 /* PaymentsViewController.swift */ = {isa = PBXFileReference; lastKnownFileType = sourcecode.swift; path = PaymentsViewController.swift; sourceTree = "<group>"; };
		832A269D22479E3C00F37471 /* ServiceRatingViewController.swift */ = {isa = PBXFileReference; lastKnownFileType = sourcecode.swift; path = ServiceRatingViewController.swift; sourceTree = "<group>"; };
/* End PBXFileReference section */

/* Begin PBXFrameworksBuildPhase section */
		832A26532246809B00F37471 /* Frameworks */ = {
			isa = PBXFrameworksBuildPhase;
			buildActionMask = 2147483647;
			files = (
			);
			runOnlyForDeploymentPostprocessing = 0;
		};
/* End PBXFrameworksBuildPhase section */

/* Begin PBXGroup section */
		832A264D2246809B00F37471 = {
			isa = PBXGroup;
			children = (
				832A26582246809B00F37471 /* LyftNurse */,
				832A26572246809B00F37471 /* Products */,
			);
			sourceTree = "<group>";
		};
		832A26572246809B00F37471 /* Products */ = {
			isa = PBXGroup;
			children = (
				832A26562246809B00F37471 /* LyftNurse.app */,
			);
			name = Products;
			sourceTree = "<group>";
		};
		832A26582246809B00F37471 /* LyftNurse */ = {
			isa = PBXGroup;
			children = (
				832A26592246809B00F37471 /* AppDelegate.swift */,
				832A267B2246B9FD00F37471 /* ServiceCostCellTableViewCell.swift */,
				832A267C2246B9FD00F37471 /* ServiceCostCellTableViewCell.xib */,
				832A265B2246809B00F37471 /* LogonViewController.swift */,
				832A266B2246954F00F37471 /* RegisterViewController.swift */,
				832A266D2246A17700F37471 /* RegistrationViewTimelineController.swift */,
				832A265D2246809B00F37471 /* Main.storyboard */,
				832A26602246809C00F37471 /* Assets.xcassets */,
				832A26622246809C00F37471 /* LaunchScreen.storyboard */,
				832A26652246809C00F37471 /* Info.plist */,
				832A26712246AA0100F37471 /* TimelineViewController.swift */,
				832A26732246AA1000F37471 /* SettingsViewController.swift */,
				832A26752246AAD300F37471 /* HomeViewController.swift */,
				832A26772246B2EB00F37471 /* DashboardViewController.swift */,
				832A26792246B34A00F37471 /* ServiceCollectionViewCell.swift */,
				832A267F2246D40300F37471 /* TableHeaderView.swift */,
				832A268D2246FF7F00F37471 /* TableFooterView.swift */,
				832A26812246DCFB00F37471 /* NurseRatingsViewController.swift */,
				832A26832246E1B700F37471 /* ServiceRequestDetailsViewController.swift */,
				832A26852246E29600F37471 /* ReviewSummaryTableViewCell.swift */,
				832A26862246E29600F37471 /* ReviewSummaryTableViewCell.xib */,
				832A26892246FA2100F37471 /* NurseTableViewCell.swift */,
				832A268A2246FA2100F37471 /* NurseTableViewCell.xib */,
				832A268F2247014900F37471 /* SubmitButtonCell.swift */,
				832A26902247014900F37471 /* SubmitButtonCell.xib */,
				832A269322470C6100F37471 /* TimelineHistoryCell.swift */,
				832A269422470C6100F37471 /* TimelineHistoryCell.xib */,
				832A269722470C7500F37471 /* TimeLinRequestCell.swift */,
				832A269822470C7500F37471 /* TimeLinRequestCell.xib */,
				832A269B22479E2B00F37471 /* PaymentsViewController.swift */,
				832A269D22479E3C00F37471 /* ServiceRatingViewController.swift */,
			);
			path = LyftNurse;
			sourceTree = "<group>";
		};
/* End PBXGroup section */

/* Begin PBXNativeTarget section */
		832A26552246809B00F37471 /* LyftNurse */ = {
			isa = PBXNativeTarget;
			buildConfigurationList = 832A26682246809C00F37471 /* Build configuration list for PBXNativeTarget "LyftNurse" */;
			buildPhases = (
				832A26522246809B00F37471 /* Sources */,
				832A26532246809B00F37471 /* Frameworks */,
				832A26542246809B00F37471 /* Resources */,
			);
			buildRules = (
			);
			dependencies = (
			);
			name = LyftNurse;
			productName = LyftNurse;
			productReference = 832A26562246809B00F37471 /* LyftNurse.app */;
			productType = "com.apple.product-type.application";
		};
/* End PBXNativeTarget section */

/* Begin PBXProject section */
		832A264E2246809B00F37471 /* Project object */ = {
			isa = PBXProject;
			attributes = {
				LastSwiftUpdateCheck = 1010;
				LastUpgradeCheck = 1010;
				ORGANIZATIONNAME = lyftnurse;
				TargetAttributes = {
					832A26552246809B00F37471 = {
						CreatedOnToolsVersion = 10.1;
					};
				};
			};
			buildConfigurationList = 832A26512246809B00F37471 /* Build configuration list for PBXProject "LyftNurse" */;
			compatibilityVersion = "Xcode 9.3";
			developmentRegion = en;
			hasScannedForEncodings = 0;
			knownRegions = (
				en,
				Base,
			);
			mainGroup = 832A264D2246809B00F37471;
			productRefGroup = 832A26572246809B00F37471 /* Products */;
			projectDirPath = "";
			projectRoot = "";
			targets = (
				832A26552246809B00F37471 /* LyftNurse */,
			);
		};
/* End PBXProject section */

/* Begin PBXResourcesBuildPhase section */
		832A26542246809B00F37471 /* Resources */ = {
			isa = PBXResourcesBuildPhase;
			buildActionMask = 2147483647;
			files = (
				832A26882246E29600F37471 /* ReviewSummaryTableViewCell.xib in Resources */,
				832A269622470C6100F37471 /* TimelineHistoryCell.xib in Resources */,
				832A267E2246B9FD00F37471 /* ServiceCostCellTableViewCell.xib in Resources */,
				832A26642246809C00F37471 /* LaunchScreen.storyboard in Resources */,
				832A268C2246FA2100F37471 /* NurseTableViewCell.xib in Resources */,
				832A26612246809C00F37471 /* Assets.xcassets in Resources */,
				832A26922247014900F37471 /* SubmitButtonCell.xib in Resources */,
				832A265F2246809B00F37471 /* Main.storyboard in Resources */,
				832A269A22470C7500F37471 /* TimeLinRequestCell.xib in Resources */,
			);
			runOnlyForDeploymentPostprocessing = 0;
		};
/* End PBXResourcesBuildPhase section */

/* Begin PBXSourcesBuildPhase section */
		832A26522246809B00F37471 /* Sources */ = {
			isa = PBXSourcesBuildPhase;
			buildActionMask = 2147483647;
			files = (
				832A26872246E29600F37471 /* ReviewSummaryTableViewCell.swift in Sources */,
				832A26912247014900F37471 /* SubmitButtonCell.swift in Sources */,
				832A266E2246A17800F37471 /* RegistrationViewTimelineController.swift in Sources */,
				832A268E2246FF7F00F37471 /* TableFooterView.swift in Sources */,
				832A268B2246FA2100F37471 /* NurseTableViewCell.swift in Sources */,
				832A266C2246954F00F37471 /* RegisterViewController.swift in Sources */,
				832A26822246DCFB00F37471 /* NurseRatingsViewController.swift in Sources */,
				832A269522470C6100F37471 /* TimelineHistoryCell.swift in Sources */,
				832A26742246AA1000F37471 /* SettingsViewController.swift in Sources */,
				832A26762246AAD300F37471 /* HomeViewController.swift in Sources */,
				832A267D2246B9FD00F37471 /* ServiceCostCellTableViewCell.swift in Sources */,
				832A26802246D40300F37471 /* TableHeaderView.swift in Sources */,
				832A267A2246B34A00F37471 /* ServiceCollectionViewCell.swift in Sources */,
				832A269922470C7500F37471 /* TimeLinRequestCell.swift in Sources */,
				832A265C2246809B00F37471 /* LogonViewController.swift in Sources */,
				832A269C22479E2B00F37471 /* PaymentsViewController.swift in Sources */,
				832A265A2246809B00F37471 /* AppDelegate.swift in Sources */,
				832A269E22479E3C00F37471 /* ServiceRatingViewController.swift in Sources */,
				832A26842246E1B700F37471 /* ServiceRequestDetailsViewController.swift in Sources */,
				832A26722246AA0100F37471 /* TimelineViewController.swift in Sources */,
				832A26782246B2EB00F37471 /* DashboardViewController.swift in Sources */,
			);
			runOnlyForDeploymentPostprocessing = 0;
		};
/* End PBXSourcesBuildPhase section */

/* Begin PBXVariantGroup section */
		832A265D2246809B00F37471 /* Main.storyboard */ = {
			isa = PBXVariantGroup;
			children = (
				832A265E2246809B00F37471 /* Base */,
			);
			name = Main.storyboard;
			sourceTree = "<group>";
		};
		832A26622246809C00F37471 /* LaunchScreen.storyboard */ = {
			isa = PBXVariantGroup;
			children = (
				832A26632246809C00F37471 /* Base */,
			);
			name = LaunchScreen.storyboard;
			sourceTree = "<group>";
		};
/* End PBXVariantGroup section */

/* Begin XCBuildConfiguration section */
		832A26662246809C00F37471 /* Debug */ = {
			isa = XCBuildConfiguration;
			buildSettings = {
				ALWAYS_SEARCH_USER_PATHS = NO;
				CLANG_ANALYZER_NONNULL = YES;
				CLANG_ANALYZER_NUMBER_OBJECT_CONVERSION = YES_AGGRESSIVE;
				CLANG_CXX_LANGUAGE_STANDARD = "gnu++14";
				CLANG_CXX_LIBRARY = "libc++";
				CLANG_ENABLE_MODULES = YES;
				CLANG_ENABLE_OBJC_ARC = YES;
				CLANG_ENABLE_OBJC_WEAK = YES;
				CLANG_WARN_BLOCK_CAPTURE_AUTORELEASING = YES;
				CLANG_WARN_BOOL_CONVERSION = YES;
				CLANG_WARN_COMMA = YES;
				CLANG_WARN_CONSTANT_CONVERSION = YES;
				CLANG_WARN_DEPRECATED_OBJC_IMPLEMENTATIONS = YES;
				CLANG_WARN_DIRECT_OBJC_ISA_USAGE = YES_ERROR;
				CLANG_WARN_DOCUMENTATION_COMMENTS = YES;
				CLANG_WARN_EMPTY_BODY = YES;
				CLANG_WARN_ENUM_CONVERSION = YES;
				CLANG_WARN_INFINITE_RECURSION = YES;
				CLANG_WARN_INT_CONVERSION = YES;
				CLANG_WARN_NON_LITERAL_NULL_CONVERSION = YES;
				CLANG_WARN_OBJC_IMPLICIT_RETAIN_SELF = YES;
				CLANG_WARN_OBJC_LITERAL_CONVERSION = YES;
				CLANG_WARN_OBJC_ROOT_CLASS = YES_ERROR;
				CLANG_WARN_RANGE_LOOP_ANALYSIS = YES;
				CLANG_WARN_STRICT_PROTOTYPES = YES;
				CLANG_WARN_SUSPICIOUS_MOVE = YES;
				CLANG_WARN_UNGUARDED_AVAILABILITY = YES_AGGRESSIVE;
				CLANG_WARN_UNREACHABLE_CODE = YES;
				CLANG_WARN__DUPLICATE_METHOD_MATCH = YES;
				CODE_SIGN_IDENTITY = "iPhone Developer";
				COPY_PHASE_STRIP = NO;
				DEBUG_INFORMATION_FORMAT = dwarf;
				ENABLE_STRICT_OBJC_MSGSEND = YES;
				ENABLE_TESTABILITY = YES;
				GCC_C_LANGUAGE_STANDARD = gnu11;
				GCC_DYNAMIC_NO_PIC = NO;
				GCC_NO_COMMON_BLOCKS = YES;
				GCC_OPTIMIZATION_LEVEL = 0;
				GCC_PREPROCESSOR_DEFINITIONS = (
					"DEBUG=1",
					"$(inherited)",
				);
				GCC_WARN_64_TO_32_BIT_CONVERSION = YES;
				GCC_WARN_ABOUT_RETURN_TYPE = YES_ERROR;
				GCC_WARN_UNDECLARED_SELECTOR = YES;
				GCC_WARN_UNINITIALIZED_AUTOS = YES_AGGRESSIVE;
				GCC_WARN_UNUSED_FUNCTION = YES;
				GCC_WARN_UNUSED_VARIABLE = YES;
				IPHONEOS_DEPLOYMENT_TARGET = 12.1;
				MTL_ENABLE_DEBUG_INFO = INCLUDE_SOURCE;
				MTL_FAST_MATH = YES;
				ONLY_ACTIVE_ARCH = YES;
				SDKROOT = iphoneos;
				SWIFT_ACTIVE_COMPILATION_CONDITIONS = DEBUG;
				SWIFT_OPTIMIZATION_LEVEL = "-Onone";
			};
			name = Debug;
		};
		832A26672246809C00F37471 /* Release */ = {
			isa = XCBuildConfiguration;
			buildSettings = {
				ALWAYS_SEARCH_USER_PATHS = NO;
				CLANG_ANALYZER_NONNULL = YES;
				CLANG_ANALYZER_NUMBER_OBJECT_CONVERSION = YES_AGGRESSIVE;
				CLANG_CXX_LANGUAGE_STANDARD = "gnu++14";
				CLANG_CXX_LIBRARY = "libc++";
				CLANG_ENABLE_MODULES = YES;
				CLANG_ENABLE_OBJC_ARC = YES;
				CLANG_ENABLE_OBJC_WEAK = YES;
				CLANG_WARN_BLOCK_CAPTURE_AUTORELEASING = YES;
				CLANG_WARN_BOOL_CONVERSION = YES;
				CLANG_WARN_COMMA = YES;
				CLANG_WARN_CONSTANT_CONVERSION = YES;
				CLANG_WARN_DEPRECATED_OBJC_IMPLEMENTATIONS = YES;
				CLANG_WARN_DIRECT_OBJC_ISA_USAGE = YES_ERROR;
				CLANG_WARN_DOCUMENTATION_COMMENTS = YES;
				CLANG_WARN_EMPTY_BODY = YES;
				CLANG_WARN_ENUM_CONVERSION = YES;
				CLANG_WARN_INFINITE_RECURSION = YES;
				CLANG_WARN_INT_CONVERSION = YES;
				CLANG_WARN_NON_LITERAL_NULL_CONVERSION = YES;
				CLANG_WARN_OBJC_IMPLICIT_RETAIN_SELF = YES;
				CLANG_WARN_OBJC_LITERAL_CONVERSION = YES;
				CLANG_WARN_OBJC_ROOT_CLASS = YES_ERROR;
				CLANG_WARN_RANGE_LOOP_ANALYSIS = YES;
				CLANG_WARN_STRICT_PROTOTYPES = YES;
				CLANG_WARN_SUSPICIOUS_MOVE = YES;
				CLANG_WARN_UNGUARDED_AVAILABILITY = YES_AGGRESSIVE;
				CLANG_WARN_UNREACHABLE_CODE = YES;
				CLANG_WARN__DUPLICATE_METHOD_MATCH = YES;
				CODE_SIGN_IDENTITY = "iPhone Developer";
				COPY_PHASE_STRIP = NO;
				DEBUG_INFORMATION_FORMAT = "dwarf-with-dsym";
				ENABLE_NS_ASSERTIONS = NO;
				ENABLE_STRICT_OBJC_MSGSEND = YES;
				GCC_C_LANGUAGE_STANDARD = gnu11;
				GCC_NO_COMMON_BLOCKS = YES;
				GCC_WARN_64_TO_32_BIT_CONVERSION = YES;
				GCC_WARN_ABOUT_RETURN_TYPE = YES_ERROR;
				GCC_WARN_UNDECLARED_SELECTOR = YES;
				GCC_WARN_UNINITIALIZED_AUTOS = YES_AGGRESSIVE;
				GCC_WARN_UNUSED_FUNCTION = YES;
				GCC_WARN_UNUSED_VARIABLE = YES;
				IPHONEOS_DEPLOYMENT_TARGET = 12.1;
				MTL_ENABLE_DEBUG_INFO = NO;
				MTL_FAST_MATH = YES;
				SDKROOT = iphoneos;
				SWIFT_COMPILATION_MODE = wholemodule;
				SWIFT_OPTIMIZATION_LEVEL = "-O";
				VALIDATE_PRODUCT = YES;
			};
			name = Release;
		};
		832A26692246809C00F37471 /* Debug */ = {
			isa = XCBuildConfiguration;
			buildSettings = {
				ASSETCATALOG_COMPILER_APPICON_NAME = AppIcon;
				CODE_SIGN_STYLE = Automatic;
				DEVELOPMENT_TEAM = V252TK6927;
				INFOPLIST_FILE = LyftNurse/Info.plist;
				LD_RUNPATH_SEARCH_PATHS = (
					"$(inherited)",
					"@executable_path/Frameworks",
				);
				PRODUCT_BUNDLE_IDENTIFIER = com.lyftnurse.patient;
				PRODUCT_NAME = "$(TARGET_NAME)";
				SWIFT_VERSION = 4.2;
				TARGETED_DEVICE_FAMILY = "1,2";
			};
			name = Debug;
		};
		832A266A2246809C00F37471 /* Release */ = {
			isa = XCBuildConfiguration;
			buildSettings = {
				ASSETCATALOG_COMPILER_APPICON_NAME = AppIcon;
				CODE_SIGN_STYLE = Automatic;
				DEVELOPMENT_TEAM = V252TK6927;
				INFOPLIST_FILE = LyftNurse/Info.plist;
				LD_RUNPATH_SEARCH_PATHS = (
					"$(inherited)",
					"@executable_path/Frameworks",
				);
				PRODUCT_BUNDLE_IDENTIFIER = com.lyftnurse.patient;
				PRODUCT_NAME = "$(TARGET_NAME)";
				SWIFT_VERSION = 4.2;
				TARGETED_DEVICE_FAMILY = "1,2";
			};
			name = Release;
		};
/* End XCBuildConfiguration section */

/* Begin XCConfigurationList section */
		832A26512246809B00F37471 /* Build configuration list for PBXProject "LyftNurse" */ = {
			isa = XCConfigurationList;
			buildConfigurations = (
				832A26662246809C00F37471 /* Debug */,
				832A26672246809C00F37471 /* Release */,
			);
			defaultConfigurationIsVisible = 0;
			defaultConfigurationName = Release;
		};
		832A26682246809C00F37471 /* Build configuration list for PBXNativeTarget "LyftNurse" */ = {
			isa = XCConfigurationList;
			buildConfigurations = (
				832A26692246809C00F37471 /* Debug */,
				832A266A2246809C00F37471 /* Release */,
			);
			defaultConfigurationIsVisible = 0;
			defaultConfigurationName = Release;
		};
/* End XCConfigurationList section */
	};
	rootObject = 832A264E2246809B00F37471 /* Project object */;
}
